
Microsoft Visual Studio Solution File, Format Version 12.00
# Visual Studio Version 17
VisualStudioVersion = 17.9.34728.123
MinimumVisualStudioVersion = 10.0.40219.1
Project("{FAE04EC0-301F-11D3-BF4B-00C04F79EFBC}") = "MVC", "MVC\MVC.csproj", "{46C9756A-E94C-4BB5-9034-13D8AEFEDEE7}"
EndProject
Project("{FAE04EC0-301F-11D3-BF4B-00C04F79EFBC}") = "Models", "Models\Models.csproj", "{9AB63B2B-0CEA-4BBB-AD3B-37EE64BB0BD2}"
EndProject
Project("{FAE04EC0-301F-11D3-BF4B-00C04F79EFBC}") = "Controllers", "Controllers\Controllers.csproj", "{5174BAE0-1EBD-4B6D-ACF7-37D6FF24BC11}"
EndProject
Project("{FAE04EC0-301F-11D3-BF4B-00C04F79EFBC}") = "Services", "Services\Services.csproj", "{27FE9307-56A4-4069-89C2-54D5A4A1FDEB}"
EndProject
Project("{FAE04EC0-301F-11D3-BF4B-00C04F79EFBC}") = "Repositories", "Repositories\Repositories.csproj", "{1E64CF58-535E-4D4F-BB74-40E3D4A2825D}"
EndProject
Global
	GlobalSection(SolutionConfigurationPlatforms) = preSolution
		Debug|Any CPU = Debug|Any CPU
		Release|Any CPU = Release|Any CPU
	EndGlobalSection
	GlobalSection(ProjectConfigurationPlatforms) = postSolution
		{46C9756A-E94C-4BB5-9034-13D8AEFEDEE7}.Debug|Any CPU.ActiveCfg = Debug|Any CPU
		{46C9756A-E94C-4BB5-9034-13D8AEFEDEE7}.Debug|Any CPU.Build.0 = Debug|Any CPU
		{46C9756A-E94C-4BB5-9034-13D8AEFEDEE7}.Release|Any CPU.ActiveCfg = Release|Any CPU
		{46C9756A-E94C-4BB5-9034-13D8AEFEDEE7}.Release|Any CPU.Build.0 = Release|Any CPU
		{9AB63B2B-0CEA-4BBB-AD3B-37EE64BB0BD2}.Debug|Any CPU.ActiveCfg = Debug|Any CPU
		{9AB63B2B-0CEA-4BBB-AD3B-37EE64BB0BD2}.Debug|Any CPU.Build.0 = Debug|Any CPU
		{9AB63B2B-0CEA-4BBB-AD3B-37EE64BB0BD2}.Release|Any CPU.ActiveCfg = Release|Any CPU
		{9AB63B2B-0CEA-4BBB-AD3B-37EE64BB0BD2}.Release|Any CPU.Build.0 = Release|Any CPU
		{5174BAE0-1EBD-4B6D-ACF7-37D6FF24BC11}.Debug|Any CPU.ActiveCfg = Debug|Any CPU
		{5174BAE0-1EBD-4B6D-ACF7-37D6FF24BC11}.Debug|Any CPU.Build.0 = Debug|Any CPU
		{5174BAE0-1EBD-4B6D-ACF7-37D6FF24BC11}.Release|Any CPU.ActiveCfg = Release|Any CPU
		{5174BAE0-1EBD-4B6D-ACF7-37D6FF24BC11}.Release|Any CPU.Build.0 = Release|Any CPU
		{27FE9307-56A4-4069-89C2-54D5A4A1FDEB}.Debug|Any CPU.ActiveCfg = Debug|Any CPU
		{27FE9307-56A4-4069-89C2-54D5A4A1FDEB}.Debug|Any CPU.Build.0 = Debug|Any CPU
		{27FE9307-56A4-4069-89C2-54D5A4A1FDEB}.Release|Any CPU.ActiveCfg = Release|Any CPU
		{27FE9307-56A4-4069-89C2-54D5A4A1FDEB}.Release|Any CPU.Build.0 = Release|Any CPU
		{1E64CF58-535E-4D4F-BB74-40E3D4A2825D}.Debug|Any CPU.ActiveCfg = Debug|Any CPU
		{1E64CF58-535E-4D4F-BB74-40E3D4A2825D}.Debug|Any CPU.Build.0 = Debug|Any CPU
		{1E64CF58-535E-4D4F-BB74-40E3D4A2825D}.Release|Any CPU.ActiveCfg = Release|Any CPU
		{1E64CF58-535E-4D4F-BB74-40E3D4A2825D}.Release|Any CPU.Build.0 = Release|Any CPU
	EndGlobalSection
	GlobalSection(SolutionProperties) = preSolution
		HideSolutionNode = FALSE
	EndGlobalSection
	GlobalSection(ExtensibilityGlobals) = postSolution
		SolutionGuid = {F3532D69-5948-4483-B199-57B2B8002284}
	EndGlobalSection
EndGlobal
